// !$*UTF8*$!
{
	archiveVersion = 1;
	classes = {
	};
	objectVersion = 46;
	objects = {

/* Begin PBXBuildFile section */
		3D9828931CAE4B1200816952 /* main.m in Sources */ = {isa = PBXBuildFile; fileRef = 3D9828921CAE4B1200816952 /* main.m */; };
		3D9828961CAE4B1200816952 /* AppDelegate.m in Sources */ = {isa = PBXBuildFile; fileRef = 3D9828951CAE4B1200816952 /* AppDelegate.m */; };
		3D9828991CAE4B1300816952 /* ViewController.m in Sources */ = {isa = PBXBuildFile; fileRef = 3D9828981CAE4B1300816952 /* ViewController.m */; };
		3D98289C1CAE4B1300816952 /* Main.storyboard in Resources */ = {isa = PBXBuildFile; fileRef = 3D98289A1CAE4B1300816952 /* Main.storyboard */; };
		3D98289E1CAE4B1300816952 /* Assets.xcassets in Resources */ = {isa = PBXBuildFile; fileRef = 3D98289D1CAE4B1300816952 /* Assets.xcassets */; };
		3D9828A11CAE4B1300816952 /* LaunchScreen.storyboard in Resources */ = {isa = PBXBuildFile; fileRef = 3D98289F1CAE4B1300816952 /* LaunchScreen.storyboard */; };
		3D9828AC1CAE4B1300816952 /* GitTests.m in Sources */ = {isa = PBXBuildFile; fileRef = 3D9828AB1CAE4B1300816952 /* GitTests.m */; };
		3D9828B71CAE4B1300816952 /* GitUITests.m in Sources */ = {isa = PBXBuildFile; fileRef = 3D9828B61CAE4B1300816952 /* GitUITests.m */; };
/* End PBXBuildFile section */

/* Begin PBXContainerItemProxy section */
		3D9828A81CAE4B1300816952 /* PBXContainerItemProxy */ = {
			isa = PBXContainerItemProxy;
			containerPortal = 3D9828861CAE4B1200816952 /* Project object */;
			proxyType = 1;
			remoteGlobalIDString = 3D98288D1CAE4B1200816952;
			remoteInfo = Git;
		};
		3D9828B31CAE4B1300816952 /* PBXContainerItemProxy */ = {
			isa = PBXContainerItemProxy;
			containerPortal = 3D9828861CAE4B1200816952 /* Project object */;
			proxyType = 1;
			remoteGlobalIDString = 3D98288D1CAE4B1200816952;
			remoteInfo = Git;
		};
/* End PBXContainerItemProxy section */

/* Begin PBXFileReference section */
		3D98288E1CAE4B1200816952 /* Git.app */ = {isa = PBXFileReference; explicitFileType = wrapper.application; includeInIndex = 0; path = Git.app; sourceTree = BUILT_PRODUCTS_DIR; };
		3D9828921CAE4B1200816952 /* main.m */ = {isa = PBXFileReference; lastKnownFileType = sourcecode.c.objc; path = main.m; sourceTree = "<group>"; };
		3D9828941CAE4B1200816952 /* AppDelegate.h */ = {isa = PBXFileReference; lastKnownFileType = sourcecode.c.h; path = AppDelegate.h; sourceTree = "<group>"; };
		3D9828951CAE4B1200816952 /* AppDelegate.m */ = {isa = PBXFileReference; lastKnownFileType = sourcecode.c.objc; path = AppDelegate.m; sourceTree = "<group>"; };
		3D9828971CAE4B1200816952 /* ViewController.h */ = {isa = PBXFileReference; lastKnownFileType = sourcecode.c.h; path = ViewController.h; sourceTree = "<group>"; };
		3D9828981CAE4B1300816952 /* ViewController.m */ = {isa = PBXFileReference; lastKnownFileType = sourcecode.c.objc; path = ViewController.m; sourceTree = "<group>"; };
		3D98289B1CAE4B1300816952 /* Base */ = {isa = PBXFileReference; lastKnownFileType = file.storyboard; name = Base; path = Base.lproj/Main.storyboard; sourceTree = "<group>"; };
		3D98289D1CAE4B1300816952 /* Assets.xcassets */ = {isa = PBXFileReference; lastKnownFileType = folder.assetcatalog; path = Assets.xcassets; sourceTree = "<group>"; };
		3D9828A01CAE4B1300816952 /* Base */ = {isa = PBXFileReference; lastKnownFileType = file.storyboard; name = Base; path = Base.lproj/LaunchScreen.storyboard; sourceTree = "<group>"; };
		3D9828A21CAE4B1300816952 /* Info.plist */ = {isa = PBXFileReference; lastKnownFileType = text.plist.xml; path = Info.plist; sourceTree = "<group>"; };
		3D9828A71CAE4B1300816952 /* GitTests.xctest */ = {isa = PBXFileReference; explicitFileType = wrapper.cfbundle; includeInIndex = 0; path = GitTests.xctest; sourceTree = BUILT_PRODUCTS_DIR; };
		3D9828AB1CAE4B1300816952 /* GitTests.m */ = {isa = PBXFileReference; lastKnownFileType = sourcecode.c.objc; path = GitTests.m; sourceTree = "<group>"; };
		3D9828AD1CAE4B1300816952 /* Info.plist */ = {isa = PBXFileReference; lastKnownFileType = text.plist.xml; path = Info.plist; sourceTree = "<group>"; };
		3D9828B21CAE4B1300816952 /* GitUITests.xctest */ = {isa = PBXFileReference; explicitFileType = wrapper.cfbundle; includeInIndex = 0; path = GitUITests.xctest; sourceTree = BUILT_PRODUCTS_DIR; };
		3D9828B61CAE4B1300816952 /* GitUITests.m */ = {isa = PBXFileReference; lastKnownFileType = sourcecode.c.objc; path = GitUITests.m; sourceTree = "<group>"; };
		3D9828B81CAE4B1300816952 /* Info.plist */ = {isa = PBXFileReference; lastKnownFileType = text.plist.xml; path = Info.plist; sourceTree = "<group>"; };
/* End PBXFileReference section */

/* Begin PBXFrameworksBuildPhase section */
		3D98288B1CAE4B1200816952 /* Frameworks */ = {
			isa = PBXFrameworksBuildPhase;
			buildActionMask = 2147483647;
			files = (
			);
			runOnlyForDeploymentPostprocessing = 0;
		};
		3D9828A41CAE4B1300816952 /* Frameworks */ = {
			isa = PBXFrameworksBuildPhase;
			buildActionMask = 2147483647;
			files = (
			);
			runOnlyForDeploymentPostprocessing = 0;
		};
		3D9828AF1CAE4B1300816952 /* Frameworks */ = {
			isa = PBXFrameworksBuildPhase;
			buildActionMask = 2147483647;
			files = (
			);
			runOnlyForDeploymentPostprocessing = 0;
		};
/* End PBXFrameworksBuildPhase section */

/* Begin PBXGroup section */
		3D9828851CAE4B1200816952 = {
			isa = PBXGroup;
			children = (
				3D9828901CAE4B1200816952 /* Git */,
				3D9828AA1CAE4B1300816952 /* GitTests */,
				3D9828B51CAE4B1300816952 /* GitUITests */,
				3D98288F1CAE4B1200816952 /* Products */,
			);
			sourceTree = "<group>";
		};
		3D98288F1CAE4B1200816952 /* Products */ = {
			isa = PBXGroup;
			children = (
				3D98288E1CAE4B1200816952 /* Git.app */,
				3D9828A71CAE4B1300816952 /* GitTests.xctest */,
				3D9828B21CAE4B1300816952 /* GitUITests.xctest */,
			);
			name = Products;
			sourceTree = "<group>";
		};
		3D9828901CAE4B1200816952 /* Git */ = {
			isa = PBXGroup;
			children = (
				3D9828941CAE4B1200816952 /* AppDelegate.h */,
				3D9828951CAE4B1200816952 /* AppDelegate.m */,
				3D9828971CAE4B1200816952 /* ViewController.h */,
				3D9828981CAE4B1300816952 /* ViewController.m */,
				3D98289A1CAE4B1300816952 /* Main.storyboard */,
				3D98289D1CAE4B1300816952 /* Assets.xcassets */,
				3D98289F1CAE4B1300816952 /* LaunchScreen.storyboard */,
				3D9828A21CAE4B1300816952 /* Info.plist */,
				3D9828911CAE4B1200816952 /* Supporting Files */,
			);
			path = Git;
			sourceTree = "<group>";
		};
		3D9828911CAE4B1200816952 /* Supporting Files */ = {
			isa = PBXGroup;
			children = (
				3D9828921CAE4B1200816952 /* main.m */,
			);
			name = "Supporting Files";
			sourceTree = "<group>";
		};
		3D9828AA1CAE4B1300816952 /* GitTests */ = {
			isa = PBXGroup;
			children = (
				3D9828AB1CAE4B1300816952 /* GitTests.m */,
				3D9828AD1CAE4B1300816952 /* Info.plist */,
			);
			path = GitTests;
			sourceTree = "<group>";
		};
		3D9828B51CAE4B1300816952 /* GitUITests */ = {
			isa = PBXGroup;
			children = (
				3D9828B61CAE4B1300816952 /* GitUITests.m */,
				3D9828B81CAE4B1300816952 /* Info.plist */,
			);
			path = GitUITests;
			sourceTree = "<group>";
		};
/* End PBXGroup section */

/* Begin PBXNativeTarget section */
		3D98288D1CAE4B1200816952 /* Git */ = {
			isa = PBXNativeTarget;
			buildConfigurationList = 3D9828BB1CAE4B1300816952 /* Build configuration list for PBXNativeTarget "Git" */;
			buildPhases = (
				3D98288A1CAE4B1200816952 /* Sources */,
				3D98288B1CAE4B1200816952 /* Frameworks */,
				3D98288C1CAE4B1200816952 /* Resources */,
			);
			buildRules = (
			);
			dependencies = (
			);
			name = Git;
			productName = Git;
			productReference = 3D98288E1CAE4B1200816952 /* Git.app */;
			productType = "com.apple.product-type.application";
		};
		3D9828A61CAE4B1300816952 /* GitTests */ = {
			isa = PBXNativeTarget;
			buildConfigurationList = 3D9828BE1CAE4B1300816952 /* Build configuration list for PBXNativeTarget "GitTests" */;
			buildPhases = (
				3D9828A31CAE4B1300816952 /* Sources */,
				3D9828A41CAE4B1300816952 /* Frameworks */,
				3D9828A51CAE4B1300816952 /* Resources */,
			);
			buildRules = (
			);
			dependencies = (
				3D9828A91CAE4B1300816952 /* PBXTargetDependency */,
			);
			name = GitTests;
			productName = GitTests;
			productReference = 3D9828A71CAE4B1300816952 /* GitTests.xctest */;
			productType = "com.apple.product-type.bundle.unit-test";
		};
		3D9828B11CAE4B1300816952 /* GitUITests */ = {
			isa = PBXNativeTarget;
			buildConfigurationList = 3D9828C11CAE4B1300816952 /* Build configuration list for PBXNativeTarget "GitUITests" */;
			buildPhases = (
				3D9828AE1CAE4B1300816952 /* Sources */,
				3D9828AF1CAE4B1300816952 /* Frameworks */,
				3D9828B01CAE4B1300816952 /* Resources */,
			);
			buildRules = (
			);
			dependencies = (
				3D9828B41CAE4B1300816952 /* PBXTargetDependency */,
			);
			name = GitUITests;
			productName = GitUITests;
			productReference = 3D9828B21CAE4B1300816952 /* GitUITests.xctest */;
			productType = "com.apple.product-type.bundle.ui-testing";
		};
/* End PBXNativeTarget section */

/* Begin PBXProject section */
		3D9828861CAE4B1200816952 /* Project object */ = {
			isa = PBXProject;
			attributes = {
				LastUpgradeCheck = 0730;
				ORGANIZATIONNAME = "张奇";
				TargetAttributes = {
					3D98288D1CAE4B1200816952 = {
						CreatedOnToolsVersion = 7.3;
					};
					3D9828A61CAE4B1300816952 = {
						CreatedOnToolsVersion = 7.3;
						TestTargetID = 3D98288D1CAE4B1200816952;
					};
					3D9828B11CAE4B1300816952 = {
						CreatedOnToolsVersion = 7.3;
						TestTargetID = 3D98288D1CAE4B1200816952;
					};
				};
			};
			buildConfigurationList = 3D9828891CAE4B1200816952 /* Build configuration list for PBXProject "Git" */;
			compatibilityVersion = "Xcode 3.2";
			developmentRegion = English;
			hasScannedForEncodings = 0;
			knownRegions = (
				en,
				Base,
			);
			mainGroup = 3D9828851CAE4B1200816952;
			productRefGroup = 3D98288F1CAE4B1200816952 /* Products */;
			projectDirPath = "";
			projectRoot = "";
			targets = (
				3D98288D1CAE4B1200816952 /* Git */,
				3D9828A61CAE4B1300816952 /* GitTests */,
				3D9828B11CAE4B1300816952 /* GitUITests */,
			);
		};
/* End PBXProject section */

/* Begin PBXResourcesBuildPhase section */
		3D98288C1CAE4B1200816952 /* Resources */ = {
			isa = PBXResourcesBuildPhase;
			buildActionMask = 2147483647;
			files = (
				3D9828A11CAE4B1300816952 /* LaunchScreen.storyboard in Resources */,
				3D98289E1CAE4B1300816952 /* Assets.xcassets in Resources */,
				3D98289C1CAE4B1300816952 /* Main.storyboard in Resources */,
			);
			runOnlyForDeploymentPostprocessing = 0;
		};
		3D9828A51CAE4B1300816952 /* Resources */ = {
			isa = PBXResourcesBuildPhase;
			buildActionMask = 2147483647;
			files = (
			);
			runOnlyForDeploymentPostprocessing = 0;
		};
		3D9828B01CAE4B1300816952 /* Resources */ = {
			isa = PBXResourcesBuildPhase;
			buildActionMask = 2147483647;
			files = (
			);
			runOnlyForDeploymentPostprocessing = 0;
		};
/* End PBXResourcesBuildPhase section */

/* Begin PBXSourcesBuildPhase section */
		3D98288A1CAE4B1200816952 /* Sources */ = {
			isa = PBXSourcesBuildPhase;
			buildActionMask = 2147483647;
			files = (
				3D9828991CAE4B1300816952 /* ViewController.m in Sources */,
				3D9828961CAE4B1200816952 /* AppDelegate.m in Sources */,
				3D9828931CAE4B1200816952 /* main.m in Sources */,
			);
			runOnlyForDeploymentPostprocessing = 0;
		};
		3D9828A31CAE4B1300816952 /* Sources */ = {
			isa = PBXSourcesBuildPhase;
			buildActionMask = 2147483647;
			files = (
				3D9828AC1CAE4B1300816952 /* GitTests.m in Sources */,
			);
			runOnlyForDeploymentPostprocessing = 0;
		};
		3D9828AE1CAE4B1300816952 /* Sources */ = {
			isa = PBXSourcesBuildPhase;
			buildActionMask = 2147483647;
			files = (
				3D9828B71CAE4B1300816952 /* GitUITests.m in Sources */,
			);
			runOnlyForDeploymentPostprocessing = 0;
		};
/* End PBXSourcesBuildPhase section */

/* Begin PBXTargetDependency section */
		3D9828A91CAE4B1300816952 /* PBXTargetDependency */ = {
			isa = PBXTargetDependency;
			target = 3D98288D1CAE4B1200816952 /* Git */;
			targetProxy = 3D9828A81CAE4B1300816952 /* PBXContainerItemProxy */;
		};
		3D9828B41CAE4B1300816952 /* PBXTargetDependency */ = {
			isa = PBXTargetDependency;
			target = 3D98288D1CAE4B1200816952 /* Git */;
			targetProxy = 3D9828B31CAE4B1300816952 /* PBXContainerItemProxy */;
		};
/* End PBXTargetDependency section */

/* Begin PBXVariantGroup section */
		3D98289A1CAE4B1300816952 /* Main.storyboard */ = {
			isa = PBXVariantGroup;
			children = (
				3D98289B1CAE4B1300816952 /* Base */,
			);
			name = Main.storyboard;
			sourceTree = "<group>";
		};
		3D98289F1CAE4B1300816952 /* LaunchScreen.storyboard */ = {
			isa = PBXVariantGroup;
			children = (
				3D9828A01CAE4B1300816952 /* Base */,
			);
			name = LaunchScreen.storyboard;
			sourceTree = "<group>";
		};
/* End PBXVariantGroup section */

/* Begin XCBuildConfiguration section */
		3D9828B91CAE4B1300816952 /* Debug */ = {
			isa = XCBuildConfiguration;
			buildSettings = {
				ALWAYS_SEARCH_USER_PATHS = NO;
				CLANG_ANALYZER_NONNULL = YES;
				CLANG_CXX_LANGUAGE_STANDARD = "gnu++0x";
				CLANG_CXX_LIBRARY = "libc++";
				CLANG_ENABLE_MODULES = YES;
				CLANG_ENABLE_OBJC_ARC = YES;
				CLANG_WARN_BOOL_CONVERSION = YES;
				CLANG_WARN_CONSTANT_CONVERSION = YES;
				CLANG_WARN_DIRECT_OBJC_ISA_USAGE = YES_ERROR;
				CLANG_WARN_EMPTY_BODY = YES;
				CLANG_WARN_ENUM_CONVERSION = YES;
				CLANG_WARN_INT_CONVERSION = YES;
				CLANG_WARN_OBJC_ROOT_CLASS = YES_ERROR;
				CLANG_WARN_UNREACHABLE_CODE = YES;
				CLANG_WARN__DUPLICATE_METHOD_MATCH = YES;
				"CODE_SIGN_IDENTITY[sdk=iphoneos*]" = "iPhone Developer";
				COPY_PHASE_STRIP = NO;
				DEBUG_INFORMATION_FORMAT = dwarf;
				ENABLE_STRICT_OBJC_MSGSEND = YES;
				ENABLE_TESTABILITY = YES;
				GCC_C_LANGUAGE_STANDARD = gnu99;
				GCC_DYNAMIC_NO_PIC = NO;
				GCC_NO_COMMON_BLOCKS = YES;
				GCC_OPTIMIZATION_LEVEL = 0;
				GCC_PREPROCESSOR_DEFINITIONS = (
					"DEBUG=1",
					"$(inherited)",
				);
				GCC_WARN_64_TO_32_BIT_CONVERSION = YES;
				GCC_WARN_ABOUT_RETURN_TYPE = YES_ERROR;
				GCC_WARN_UNDECLARED_SELECTOR = YES;
				GCC_WARN_UNINITIALIZED_AUTOS = YES_AGGRESSIVE;
				GCC_WARN_UNUSED_FUNCTION = YES;
				GCC_WARN_UNUSED_VARIABLE = YES;
				IPHONEOS_DEPLOYMENT_TARGET = 9.3;
				MTL_ENABLE_DEBUG_INFO = YES;
				ONLY_ACTIVE_ARCH = YES;
				SDKROOT = iphoneos;
				TARGETED_DEVICE_FAMILY = "1,2";
			};
			name = Debug;
		};
		3D9828BA1CAE4B1300816952 /* Release */ = {
			isa = XCBuildConfiguration;
			buildSettings = {
				ALWAYS_SEARCH_USER_PATHS = NO;
				CLANG_ANALYZER_NONNULL = YES;
				CLANG_CXX_LANGUAGE_STANDARD = "gnu++0x";
				CLANG_CXX_LIBRARY = "libc++";
				CLANG_ENABLE_MODULES = YES;
				CLANG_ENABLE_OBJC_ARC = YES;
				CLANG_WARN_BOOL_CONVERSION = YES;
				CLANG_WARN_CONSTANT_CONVERSION = YES;
				CLANG_WARN_DIRECT_OBJC_ISA_USAGE = YES_ERROR;
				CLANG_WARN_EMPTY_BODY = YES;
				CLANG_WARN_ENUM_CONVERSION = YES;
				CLANG_WARN_INT_CONVERSION = YES;
				CLANG_WARN_OBJC_ROOT_CLASS = YES_ERROR;
				CLANG_WARN_UNREACHABLE_CODE = YES;
				CLANG_WARN__DUPLICATE_METHOD_MATCH = YES;
				"CODE_SIGN_IDENTITY[sdk=iphoneos*]" = "iPhone Developer";
				COPY_PHASE_STRIP = NO;
				DEBUG_INFORMATION_FORMAT = "dwarf-with-dsym";
				ENABLE_NS_ASSERTIONS = NO;
				ENABLE_STRICT_OBJC_MSGSEND = YES;
				GCC_C_LANGUAGE_STANDARD = gnu99;
				GCC_NO_COMMON_BLOCKS = YES;
				GCC_WARN_64_TO_32_BIT_CONVERSION = YES;
				GCC_WARN_ABOUT_RETURN_TYPE = YES_ERROR;
				GCC_WARN_UNDECLARED_SELECTOR = YES;
				GCC_WARN_UNINITIALIZED_AUTOS = YES_AGGRESSIVE;
				GCC_WARN_UNUSED_FUNCTION = YES;
				GCC_WARN_UNUSED_VARIABLE = YES;
				IPHONEOS_DEPLOYMENT_TARGET = 9.3;
				MTL_ENABLE_DEBUG_INFO = NO;
				SDKROOT = iphoneos;
				TARGETED_DEVICE_FAMILY = "1,2";
				VALIDATE_PRODUCT = YES;
			};
			name = Release;
		};
		3D9828BC1CAE4B1300816952 /* Debug */ = {
			isa = XCBuildConfiguration;
			buildSettings = {
				ASSETCATALOG_COMPILER_APPICON_NAME = AppIcon;
				INFOPLIST_FILE = Git/Info.plist;
				LD_RUNPATH_SEARCH_PATHS = "$(inherited) @executable_path/Frameworks";
				PRODUCT_BUNDLE_IDENTIFIER = ios.Git;
				PRODUCT_NAME = "$(TARGET_NAME)";
			};
			name = Debug;
		};
		3D9828BD1CAE4B1300816952 /* Release */ = {
			isa = XCBuildConfiguration;
			buildSettings = {
				ASSETCATALOG_COMPILER_APPICON_NAME = AppIcon;
				INFOPLIST_FILE = Git/Info.plist;
				LD_RUNPATH_SEARCH_PATHS = "$(inherited) @executable_path/Frameworks";
				PRODUCT_BUNDLE_IDENTIFIER = ios.Git;
				PRODUCT_NAME = "$(TARGET_NAME)";
			};
			name = Release;
		};
		3D9828BF1CAE4B1300816952 /* Debug */ = {
			isa = XCBuildConfiguration;
			buildSettings = {
				BUNDLE_LOADER = "$(TEST_HOST)";
				INFOPLIST_FILE = GitTests/Info.plist;
				LD_RUNPATH_SEARCH_PATHS = "$(inherited) @executable_path/Frameworks @loader_path/Frameworks";
				PRODUCT_BUNDLE_IDENTIFIER = ios.GitTests;
				PRODUCT_NAME = "$(TARGET_NAME)";
				TEST_HOST = "$(BUILT_PRODUCTS_DIR)/Git.app/Git";
			};
			name = Debug;
		};
		3D9828C01CAE4B1300816952 /* Release */ = {
			isa = XCBuildConfiguration;
			buildSettings = {
				BUNDLE_LOADER = "$(TEST_HOST)";
				INFOPLIST_FILE = GitTests/Info.plist;
				LD_RUNPATH_SEARCH_PATHS = "$(inherited) @executable_path/Frameworks @loader_path/Frameworks";
				PRODUCT_BUNDLE_IDENTIFIER = ios.GitTests;
				PRODUCT_NAME = "$(TARGET_NAME)";
				TEST_HOST = "$(BUILT_PRODUCTS_DIR)/Git.app/Git";
			};
			name = Release;
		};
		3D9828C21CAE4B1300816952 /* Debug */ = {
			isa = XCBuildConfiguration;
			buildSettings = {
				INFOPLIST_FILE = GitUITests/Info.plist;
				LD_RUNPATH_SEARCH_PATHS = "$(inherited) @executable_path/Frameworks @loader_path/Frameworks";
				PRODUCT_BUNDLE_IDENTIFIER = ios.GitUITests;
				PRODUCT_NAME = "$(TARGET_NAME)";
				TEST_TARGET_NAME = Git;
			};
			name = Debug;
		};
		3D9828C31CAE4B1300816952 /* Release */ = {
			isa = XCBuildConfiguration;
			buildSettings = {
				INFOPLIST_FILE = GitUITests/Info.plist;
				LD_RUNPATH_SEARCH_PATHS = "$(inherited) @executable_path/Frameworks @loader_path/Frameworks";
				PRODUCT_BUNDLE_IDENTIFIER = ios.GitUITests;
				PRODUCT_NAME = "$(TARGET_NAME)";
				TEST_TARGET_NAME = Git;
			};
			name = Release;
		};
/* End XCBuildConfiguration section */

/* Begin XCConfigurationList section */
		3D9828891CAE4B1200816952 /* Build configuration list for PBXProject "Git" */ = {
			isa = XCConfigurationList;
			buildConfigurations = (
				3D9828B91CAE4B1300816952 /* Debug */,
				3D9828BA1CAE4B1300816952 /* Release */,
			);
			defaultConfigurationIsVisible = 0;
			defaultConfigurationName = Release;
		};
		3D9828BB1CAE4B1300816952 /* Build configuration list for PBXNativeTarget "Git" */ = {
			isa = XCConfigurationList;
			buildConfigurations = (
				3D9828BC1CAE4B1300816952 /* Debug */,
				3D9828BD1CAE4B1300816952 /* Release */,
			);
			defaultConfigurationIsVisible = 0;
		};
		3D9828BE1CAE4B1300816952 /* Build configuration list for PBXNativeTarget "GitTests" */ = {
			isa = XCConfigurationList;
			buildConfigurations = (
				3D9828BF1CAE4B1300816952 /* Debug */,
				3D9828C01CAE4B1300816952 /* Release */,
			);
			defaultConfigurationIsVisible = 0;
		};
		3D9828C11CAE4B1300816952 /* Build configuration list for PBXNativeTarget "GitUITests" */ = {
			isa = XCConfigurationList;
			buildConfigurations = (
				3D9828C21CAE4B1300816952 /* Debug */,
				3D9828C31CAE4B1300816952 /* Release */,
			);
			defaultConfigurationIsVisible = 0;
		};
/* End XCConfigurationList section */
	};
	rootObject = 3D9828861CAE4B1200816952 /* Project object */;
}
